// !$*UTF8*$!
{
	archiveVersion = 1;
	classes = {
	};
	objectVersion = 50;
	objects = {

/* Begin PBXBuildFile section */
		420FB5AF266BBDB500C4A7B8 /* AppDelegate.swift in Sources */ = {isa = PBXBuildFile; fileRef = 420FB5AE266BBDB500C4A7B8 /* AppDelegate.swift */; };
		420FB5B1266BBDB500C4A7B8 /* SceneDelegate.swift in Sources */ = {isa = PBXBuildFile; fileRef = 420FB5B0266BBDB500C4A7B8 /* SceneDelegate.swift */; };
		420FB5B3266BBDB500C4A7B8 /* ViewController.swift in Sources */ = {isa = PBXBuildFile; fileRef = 420FB5B2266BBDB500C4A7B8 /* ViewController.swift */; };
		420FB5B6266BBDB500C4A7B8 /* Main.storyboard in Resources */ = {isa = PBXBuildFile; fileRef = 420FB5B4266BBDB500C4A7B8 /* Main.storyboard */; };
		420FB5B8266BBDB900C4A7B8 /* Assets.xcassets in Resources */ = {isa = PBXBuildFile; fileRef = 420FB5B7266BBDB900C4A7B8 /* Assets.xcassets */; };
		420FB5BB266BBDB900C4A7B8 /* LaunchScreen.storyboard in Resources */ = {isa = PBXBuildFile; fileRef = 420FB5B9266BBDB900C4A7B8 /* LaunchScreen.storyboard */; };
/* End PBXBuildFile section */

/* Begin PBXFileReference section */
		420FB5AB266BBDB500C4A7B8 /* KeeponTrack3.app */ = {isa = PBXFileReference; explicitFileType = wrapper.application; includeInIndex = 0; path = KeeponTrack3.app; sourceTree = BUILT_PRODUCTS_DIR; };
		420FB5AE266BBDB500C4A7B8 /* AppDelegate.swift */ = {isa = PBXFileReference; lastKnownFileType = sourcecode.swift; path = AppDelegate.swift; sourceTree = "<group>"; };
		420FB5B0266BBDB500C4A7B8 /* SceneDelegate.swift */ = {isa = PBXFileReference; lastKnownFileType = sourcecode.swift; path = SceneDelegate.swift; sourceTree = "<group>"; };
		420FB5B2266BBDB500C4A7B8 /* ViewController.swift */ = {isa = PBXFileReference; lastKnownFileType = sourcecode.swift; path = ViewController.swift; sourceTree = "<group>"; };
		420FB5B5266BBDB500C4A7B8 /* Base */ = {isa = PBXFileReference; lastKnownFileType = file.storyboard; name = Base; path = Base.lproj/Main.storyboard; sourceTree = "<group>"; };
		420FB5B7266BBDB900C4A7B8 /* Assets.xcassets */ = {isa = PBXFileReference; lastKnownFileType = folder.assetcatalog; path = Assets.xcassets; sourceTree = "<group>"; };
		420FB5BA266BBDB900C4A7B8 /* Base */ = {isa = PBXFileReference; lastKnownFileType = file.storyboard; name = Base; path = Base.lproj/LaunchScreen.storyboard; sourceTree = "<group>"; };
		420FB5BC266BBDB900C4A7B8 /* Info.plist */ = {isa = PBXFileReference; lastKnownFileType = text.plist.xml; path = Info.plist; sourceTree = "<group>"; };
/* End PBXFileReference section */

/* Begin PBXFrameworksBuildPhase section */
		420FB5A8266BBDB500C4A7B8 /* Frameworks */ = {
			isa = PBXFrameworksBuildPhase;
			buildActionMask = 2147483647;
			files = (
			);
			runOnlyForDeploymentPostprocessing = 0;
		};
/* End PBXFrameworksBuildPhase section */

/* Begin PBXGroup section */
		420FB5A2266BBDB500C4A7B8 = {
			isa = PBXGroup;
			children = (
				420FB5AD266BBDB500C4A7B8 /* KeeponTrack3 */,
				420FB5AC266BBDB500C4A7B8 /* Products */,
			);
			sourceTree = "<group>";
		};
		420FB5AC266BBDB500C4A7B8 /* Products */ = {
			isa = PBXGroup;
			children = (
				420FB5AB266BBDB500C4A7B8 /* KeeponTrack3.app */,
			);
			name = Products;
			sourceTree = "<group>";
		};
		420FB5AD266BBDB500C4A7B8 /* KeeponTrack3 */ = {
			isa = PBXGroup;
			children = (
				420FB5AE266BBDB500C4A7B8 /* AppDelegate.swift */,
				420FB5B0266BBDB500C4A7B8 /* SceneDelegate.swift */,
				420FB5B2266BBDB500C4A7B8 /* ViewController.swift */,
				420FB5B4266BBDB500C4A7B8 /* Main.storyboard */,
				420FB5B7266BBDB900C4A7B8 /* Assets.xcassets */,
				420FB5B9266BBDB900C4A7B8 /* LaunchScreen.storyboard */,
				420FB5BC266BBDB900C4A7B8 /* Info.plist */,
			);
			path = KeeponTrack3;
			sourceTree = "<group>";
		};
/* End PBXGroup section */

/* Begin PBXNativeTarget section */
		420FB5AA266BBDB500C4A7B8 /* KeeponTrack3 */ = {
			isa = PBXNativeTarget;
			buildConfigurationList = 420FB5BF266BBDB900C4A7B8 /* Build configuration list for PBXNativeTarget "KeeponTrack3" */;
			buildPhases = (
				420FB5A7266BBDB500C4A7B8 /* Sources */,
				420FB5A8266BBDB500C4A7B8 /* Frameworks */,
				420FB5A9266BBDB500C4A7B8 /* Resources */,
			);
			buildRules = (
			);
			dependencies = (
			);
			name = KeeponTrack3;
			productName = KeeponTrack3;
			productReference = 420FB5AB266BBDB500C4A7B8 /* KeeponTrack3.app */;
			productType = "com.apple.product-type.application";
		};
/* End PBXNativeTarget section */

/* Begin PBXProject section */
		420FB5A3266BBDB500C4A7B8 /* Project object */ = {
			isa = PBXProject;
			attributes = {
				LastSwiftUpdateCheck = 1210;
				LastUpgradeCheck = 1210;
				TargetAttributes = {
					420FB5AA266BBDB500C4A7B8 = {
						CreatedOnToolsVersion = 12.1;
					};
				};
			};
			buildConfigurationList = 420FB5A6266BBDB500C4A7B8 /* Build configuration list for PBXProject "KeeponTrack3" */;
			compatibilityVersion = "Xcode 9.3";
			developmentRegion = en;
			hasScannedForEncodings = 0;
			knownRegions = (
				en,
				Base,
			);
			mainGroup = 420FB5A2266BBDB500C4A7B8;
			productRefGroup = 420FB5AC266BBDB500C4A7B8 /* Products */;
			projectDirPath = "";
			projectRoot = "";
			targets = (
				420FB5AA266BBDB500C4A7B8 /* KeeponTrack3 */,
			);
		};
/* End PBXProject section */

/* Begin PBXResourcesBuildPhase section */
		420FB5A9266BBDB500C4A7B8 /* Resources */ = {
			isa = PBXResourcesBuildPhase;
			buildActionMask = 2147483647;
			files = (
				420FB5BB266BBDB900C4A7B8 /* LaunchScreen.storyboard in Resources */,
				420FB5B8266BBDB900C4A7B8 /* Assets.xcassets in Resources */,
				420FB5B6266BBDB500C4A7B8 /* Main.storyboard in Resources */,
			);
			runOnlyForDeploymentPostprocessing = 0;
		};
/* End PBXResourcesBuildPhase section */

/* Begin PBXSourcesBuildPhase section */
		420FB5A7266BBDB500C4A7B8 /* Sources */ = {
			isa = PBXSourcesBuildPhase;
			buildActionMask = 2147483647;
			files = (
				420FB5B3266BBDB500C4A7B8 /* ViewController.swift in Sources */,
				420FB5AF266BBDB500C4A7B8 /* AppDelegate.swift in Sources */,
				420FB5B1266BBDB500C4A7B8 /* SceneDelegate.swift in Sources */,
			);
			runOnlyForDeploymentPostprocessing = 0;
		};
/* End PBXSourcesBuildPhase section */

/* Begin PBXVariantGroup section */
		420FB5B4266BBDB500C4A7B8 /* Main.storyboard */ = {
			isa = PBXVariantGroup;
			children = (
				420FB5B5266BBDB500C4A7B8 /* Base */,
			);
			name = Main.storyboard;
			sourceTree = "<group>";
		};
		420FB5B9266BBDB900C4A7B8 /* LaunchScreen.storyboard */ = {
			isa = PBXVariantGroup;
			children = (
				420FB5BA266BBDB900C4A7B8 /* Base */,
			);
			name = LaunchScreen.storyboard;
			sourceTree = "<group>";
		};
/* End PBXVariantGroup section */

/* Begin XCBuildConfiguration section */
		420FB5BD266BBDB900C4A7B8 /* Debug */ = {
			isa = XCBuildConfiguration;
			buildSettings = {
				ALWAYS_SEARCH_USER_PATHS = NO;
				CLANG_ANALYZER_NONNULL = YES;
				CLANG_ANALYZER_NUMBER_OBJECT_CONVERSION = YES_AGGRESSIVE;
				CLANG_CXX_LANGUAGE_STANDARD = "gnu++14";
				CLANG_CXX_LIBRARY = "libc++";
				CLANG_ENABLE_MODULES = YES;
				CLANG_ENABLE_OBJC_ARC = YES;
				CLANG_ENABLE_OBJC_WEAK = YES;
				CLANG_WARN_BLOCK_CAPTURE_AUTORELEASING = YES;
				CLANG_WARN_BOOL_CONVERSION = YES;
				CLANG_WARN_COMMA = YES;
				CLANG_WARN_CONSTANT_CONVERSION = YES;
				CLANG_WARN_DEPRECATED_OBJC_IMPLEMENTATIONS = YES;
				CLANG_WARN_DIRECT_OBJC_ISA_USAGE = YES_ERROR;
				CLANG_WARN_DOCUMENTATION_COMMENTS = YES;
				CLANG_WARN_EMPTY_BODY = YES;
				CLANG_WARN_ENUM_CONVERSION = YES;
				CLANG_WARN_INFINITE_RECURSION = YES;
				CLANG_WARN_INT_CONVERSION = YES;
				CLANG_WARN_NON_LITERAL_NULL_CONVERSION = YES;
				CLANG_WARN_OBJC_IMPLICIT_RETAIN_SELF = YES;
				CLANG_WARN_OBJC_LITERAL_CONVERSION = YES;
				CLANG_WARN_OBJC_ROOT_CLASS = YES_ERROR;
				CLANG_WARN_QUOTED_INCLUDE_IN_FRAMEWORK_HEADER = YES;
				CLANG_WARN_RANGE_LOOP_ANALYSIS = YES;
				CLANG_WARN_STRICT_PROTOTYPES = YES;
				CLANG_WARN_SUSPICIOUS_MOVE = YES;
				CLANG_WARN_UNGUARDED_AVAILABILITY = YES_AGGRESSIVE;
				CLANG_WARN_UNREACHABLE_CODE = YES;
				CLANG_WARN__DUPLICATE_METHOD_MATCH = YES;
				COPY_PHASE_STRIP = NO;
				DEBUG_INFORMATION_FORMAT = dwarf;
				ENABLE_STRICT_OBJC_MSGSEND = YES;
				ENABLE_TESTABILITY = YES;
				GCC_C_LANGUAGE_STANDARD = gnu11;
				GCC_DYNAMIC_NO_PIC = NO;
				GCC_NO_COMMON_BLOCKS = YES;
				GCC_OPTIMIZATION_LEVEL = 0;
				GCC_PREPROCESSOR_DEFINITIONS = (
					"DEBUG=1",
					"$(inherited)",
				);
				GCC_WARN_64_TO_32_BIT_CONVERSION = YES;
				GCC_WARN_ABOUT_RETURN_TYPE = YES_ERROR;
				GCC_WARN_UNDECLARED_SELECTOR = YES;
				GCC_WARN_UNINITIALIZED_AUTOS = YES_AGGRESSIVE;
				GCC_WARN_UNUSED_FUNCTION = YES;
				GCC_WARN_UNUSED_VARIABLE = YES;
				IPHONEOS_DEPLOYMENT_TARGET = 13.6.1;
				MTL_ENABLE_DEBUG_INFO = INCLUDE_SOURCE;
				MTL_FAST_MATH = YES;
				ONLY_ACTIVE_ARCH = YES;
				SDKROOT = iphoneos;
				SWIFT_ACTIVE_COMPILATION_CONDITIONS = DEBUG;
				SWIFT_OPTIMIZATION_LEVEL = "-Onone";
			};
			name = Debug;
		};
		420FB5BE266BBDB900C4A7B8 /* Release */ = {
			isa = XCBuildConfiguration;
			buildSettings = {
				ALWAYS_SEARCH_USER_PATHS = NO;
				CLANG_ANALYZER_NONNULL = YES;
				CLANG_ANALYZER_NUMBER_OBJECT_CONVERSION = YES_AGGRESSIVE;
				CLANG_CXX_LANGUAGE_STANDARD = "gnu++14";
				CLANG_CXX_LIBRARY = "libc++";
				CLANG_ENABLE_MODULES = YES;
				CLANG_ENABLE_OBJC_ARC = YES;
				CLANG_ENABLE_OBJC_WEAK = YES;
				CLANG_WARN_BLOCK_CAPTURE_AUTORELEASING = YES;
				CLANG_WARN_BOOL_CONVERSION = YES;
				CLANG_WARN_COMMA = YES;
				CLANG_WARN_CONSTANT_CONVERSION = YES;
				CLANG_WARN_DEPRECATED_OBJC_IMPLEMENTATIONS = YES;
				CLANG_WARN_DIRECT_OBJC_ISA_USAGE = YES_ERROR;
				CLANG_WARN_DOCUMENTATION_COMMENTS = YES;
				CLANG_WARN_EMPTY_BODY = YES;
				CLANG_WARN_ENUM_CONVERSION = YES;
				CLANG_WARN_INFINITE_RECURSION = YES;
				CLANG_WARN_INT_CONVERSION = YES;
				CLANG_WARN_NON_LITERAL_NULL_CONVERSION = YES;
				CLANG_WARN_OBJC_IMPLICIT_RETAIN_SELF = YES;
				CLANG_WARN_OBJC_LITERAL_CONVERSION = YES;
				CLANG_WARN_OBJC_ROOT_CLASS = YES_ERROR;
				CLANG_WARN_QUOTED_INCLUDE_IN_FRAMEWORK_HEADER = YES;
				CLANG_WARN_RANGE_LOOP_ANALYSIS = YES;
				CLANG_WARN_STRICT_PROTOTYPES = YES;
				CLANG_WARN_SUSPICIOUS_MOVE = YES;
				CLANG_WARN_UNGUARDED_AVAILABILITY = YES_AGGRESSIVE;
				CLANG_WARN_UNREACHABLE_CODE = YES;
				CLANG_WARN__DUPLICATE_METHOD_MATCH = YES;
				COPY_PHASE_STRIP = NO;
				DEBUG_INFORMATION_FORMAT = "dwarf-with-dsym";
				ENABLE_NS_ASSERTIONS = NO;
				ENABLE_STRICT_OBJC_MSGSEND = YES;
				GCC_C_LANGUAGE_STANDARD = gnu11;
				GCC_NO_COMMON_BLOCKS = YES;
				GCC_WARN_64_TO_32_BIT_CONVERSION = YES;
				GCC_WARN_ABOUT_RETURN_TYPE = YES_ERROR;
				GCC_WARN_UNDECLARED_SELECTOR = YES;
				GCC_WARN_UNINITIALIZED_AUTOS = YES_AGGRESSIVE;
				GCC_WARN_UNUSED_FUNCTION = YES;
				GCC_WARN_UNUSED_VARIABLE = YES;
				IPHONEOS_DEPLOYMENT_TARGET = 13.6.1;
				MTL_ENABLE_DEBUG_INFO = NO;
				MTL_FAST_MATH = YES;
				SDKROOT = iphoneos;
				SWIFT_COMPILATION_MODE = wholemodule;
				SWIFT_OPTIMIZATION_LEVEL = "-O";
				VALIDATE_PRODUCT = YES;
			};
			name = Release;
		};
		420FB5C0266BBDB900C4A7B8 /* Debug */ = {
			isa = XCBuildConfiguration;
			buildSettings = {
				ASSETCATALOG_COMPILER_APPICON_NAME = AppIcon;
				ASSETCATALOG_COMPILER_GLOBAL_ACCENT_COLOR_NAME = AccentColor;
				CODE_SIGN_STYLE = Automatic;
				DEVELOPMENT_TEAM = LHN35ZDJL8;
				INFOPLIST_FILE = KeeponTrack3/Info.plist;
				LD_RUNPATH_SEARCH_PATHS = (
					"$(inherited)",
					"@executable_path/Frameworks",
				);
				PRODUCT_BUNDLE_IDENTIFIER = com.navadeepbudda.KeeponTrack3;
				PRODUCT_NAME = "$(TARGET_NAME)";
				SWIFT_VERSION = 5.0;
				TARGETED_DEVICE_FAMILY = "1,2";
			};
			name = Debug;
		};
		420FB5C1266BBDB900C4A7B8 /* Release */ = {
			isa = XCBuildConfiguration;
			buildSettings = {
				ASSETCATALOG_COMPILER_APPICON_NAME = AppIcon;
				ASSETCATALOG_COMPILER_GLOBAL_ACCENT_COLOR_NAME = AccentColor;
				CODE_SIGN_STYLE = Automatic;
				DEVELOPMENT_TEAM = LHN35ZDJL8;
				INFOPLIST_FILE = KeeponTrack3/Info.plist;
				LD_RUNPATH_SEARCH_PATHS = (
					"$(inherited)",
					"@executable_path/Frameworks",
				);
				PRODUCT_BUNDLE_IDENTIFIER = com.navadeepbudda.KeeponTrack3;
				PRODUCT_NAME = "$(TARGET_NAME)";
				SWIFT_VERSION = 5.0;
				TARGETED_DEVICE_FAMILY = "1,2";
			};
			name = Release;
		};
/* End XCBuildConfiguration section */

/* Begin XCConfigurationList section */
		420FB5A6266BBDB500C4A7B8 /* Build configuration list for PBXProject "KeeponTrack3" */ = {
			isa = XCConfigurationList;
			buildConfigurations = (
				420FB5BD266BBDB900C4A7B8 /* Debug */,
				420FB5BE266BBDB900C4A7B8 /* Release */,
			);
			defaultConfigurationIsVisible = 0;
			defaultConfigurationName = Release;
		};
		420FB5BF266BBDB900C4A7B8 /* Build configuration list for PBXNativeTarget "KeeponTrack3" */ = {
			isa = XCConfigurationList;
			buildConfigurations = (
				420FB5C0266BBDB900C4A7B8 /* Debug */,
				420FB5C1266BBDB900C4A7B8 /* Release */,
			);
			defaultConfigurationIsVisible = 0;
			defaultConfigurationName = Release;
		};
/* End XCConfigurationList section */
	};
	rootObject = 420FB5A3266BBDB500C4A7B8 /* Project object */;
}
